# THIS IS AN AUTOGENERATED FILE. DO NOT EDIT THIS FILE DIRECTLY.
# yarn lockfile v1


"@vercel/analytics@^1.6.1":
  version "1.6.1"
  resolved "https://registry.yarnpkg.com/@vercel/analytics/-/analytics-1.6.1.tgz#b4e16daf445cf6cd365a91e43d86e9e5b3428ddc"
  integrity sha512-oH9He/bEM+6oKlv3chWuOOcp8Y6fo6/PSro8hEkgCW3pu9/OiCXiUpRUogDh3Fs3LH2sosDrx8CxeOLBEE+afg==
